
Microsoft Visual Studio Solution File, Format Version 12.00
Project("{FAE04EC0-301F-11D3-BF4B-00C04F79EFBC}") = "WalkingATM.Publisher", "WalkingATM.Publisher\WalkingATM.Publisher.csproj", "{895B2812-E280-4DD9-9D71-DF980ECAFD63}"
EndProject
Project("{FAE04EC0-301F-11D3-BF4B-00C04F79EFBC}") = "WalkingATM.PublisherTests", "WalkingATM.PublisherTests\WalkingATM.PublisherTests.csproj", "{C64A3FDA-E2C8-4604-A6AB-3F5F7DAD092F}"
EndProject
Global
	GlobalSection(SolutionConfigurationPlatforms) = preSolution
		Debug|Any CPU = Debug|Any CPU
		Release|Any CPU = Release|Any CPU
	EndGlobalSection
	GlobalSection(ProjectConfigurationPlatforms) = postSolution
		{895B2812-E280-4DD9-9D71-DF980ECAFD63}.Debug|Any CPU.ActiveCfg = Debug|Any CPU
		{895B2812-E280-4DD9-9D71-DF980ECAFD63}.Debug|Any CPU.Build.0 = Debug|Any CPU
		{895B2812-E280-4DD9-9D71-DF980ECAFD63}.Release|Any CPU.ActiveCfg = Release|Any CPU
		{895B2812-E280-4DD9-9D71-DF980ECAFD63}.Release|Any CPU.Build.0 = Release|Any CPU
		{C64A3FDA-E2C8-4604-A6AB-3F5F7DAD092F}.Debug|Any CPU.ActiveCfg = Debug|Any CPU
		{C64A3FDA-E2C8-4604-A6AB-3F5F7DAD092F}.Debug|Any CPU.Build.0 = Debug|Any CPU
		{C64A3FDA-E2C8-4604-A6AB-3F5F7DAD092F}.Release|Any CPU.ActiveCfg = Release|Any CPU
		{C64A3FDA-E2C8-4604-A6AB-3F5F7DAD092F}.Release|Any CPU.Build.0 = Release|Any CPU
	EndGlobalSection
EndGlobal
